
Microsoft Visual Studio Solution File, Format Version 12.00
# Visual Studio Version 17
VisualStudioVersion = 17.9.34622.214
MinimumVisualStudioVersion = 10.0.40219.1
Project("{FAE04EC0-301F-11D3-BF4B-00C04F79EFBC}") = "Ejercicio 1", "Ejercicio 1\Ejercicio 1.csproj", "{BFB8E84E-2B71-4F0E-90B4-51D3DEE6768F}"
EndProject
Global
	GlobalSection(SolutionConfigurationPlatforms) = preSolution
		Debug|Any CPU = Debug|Any CPU
		Release|Any CPU = Release|Any CPU
	EndGlobalSection
	GlobalSection(ProjectConfigurationPlatforms) = postSolution
		{BFB8E84E-2B71-4F0E-90B4-51D3DEE6768F}.Debug|Any CPU.ActiveCfg = Debug|Any CPU
		{BFB8E84E-2B71-4F0E-90B4-51D3DEE6768F}.Debug|Any CPU.Build.0 = Debug|Any CPU
		{BFB8E84E-2B71-4F0E-90B4-51D3DEE6768F}.Release|Any CPU.ActiveCfg = Release|Any CPU
		{BFB8E84E-2B71-4F0E-90B4-51D3DEE6768F}.Release|Any CPU.Build.0 = Release|Any CPU
	EndGlobalSection
	GlobalSection(SolutionProperties) = preSolution
		HideSolutionNode = FALSE
	EndGlobalSection
	GlobalSection(ExtensibilityGlobals) = postSolution
		SolutionGuid = {BA4AFE2E-CEEE-442E-91E5-5B89CB99C077}
	EndGlobalSection
EndGlobal
